// !$*UTF8*$!
{
	archiveVersion = 1;
	classes = {
	};
	objectVersion = 46;
	objects = {

/* Begin PBXBuildFile section */
		1ED5FDDE1DDF5AEA0014CBC5 /* ArrayOfStruct.cpp in Sources */ = {isa = PBXBuildFile; fileRef = 1ED5FDDD1DDF5AEA0014CBC5 /* ArrayOfStruct.cpp */; };
/* End PBXBuildFile section */

/* Begin PBXCopyFilesBuildPhase section */
		1ED5FDD81DDF5AEA0014CBC5 /* CopyFiles */ = {
			isa = PBXCopyFilesBuildPhase;
			buildActionMask = 2147483647;
			dstPath = /usr/share/man/man1/;
			dstSubfolderSpec = 0;
			files = (
			);
			runOnlyForDeploymentPostprocessing = 1;
		};
/* End PBXCopyFilesBuildPhase section */

/* Begin PBXFileReference section */
		1ED5FDDA1DDF5AEA0014CBC5 /* ArrayOfStruct.cpp */ = {isa = PBXFileReference; explicitFileType = "compiled.mach-o.executable"; includeInIndex = 0; path = ArrayOfStruct.cpp; sourceTree = BUILT_PRODUCTS_DIR; };
		1ED5FDDD1DDF5AEA0014CBC5 /* ArrayOfStruct.cpp */ = {isa = PBXFileReference; lastKnownFileType = sourcecode.cpp.cpp; path = ArrayOfStruct.cpp; sourceTree = "<group>"; };
/* End PBXFileReference section */

/* Begin PBXFrameworksBuildPhase section */
		1ED5FDD71DDF5AEA0014CBC5 /* Frameworks */ = {
			isa = PBXFrameworksBuildPhase;
			buildActionMask = 2147483647;
			files = (
			);
			runOnlyForDeploymentPostprocessing = 0;
		};
/* End PBXFrameworksBuildPhase section */

/* Begin PBXGroup section */
		1ED5FDD11DDF5AEA0014CBC5 = {
			isa = PBXGroup;
			children = (
				1ED5FDDC1DDF5AEA0014CBC5 /* ArrayOfStruct.cpp */,
				1ED5FDDB1DDF5AEA0014CBC5 /* Products */,
			);
			sourceTree = "<group>";
		};
		1ED5FDDB1DDF5AEA0014CBC5 /* Products */ = {
			isa = PBXGroup;
			children = (
				1ED5FDDA1DDF5AEA0014CBC5 /* ArrayOfStruct.cpp */,
			);
			name = Products;
			sourceTree = "<group>";
		};
		1ED5FDDC1DDF5AEA0014CBC5 /* ArrayOfStruct.cpp */ = {
			isa = PBXGroup;
			children = (
				1ED5FDDD1DDF5AEA0014CBC5 /* ArrayOfStruct.cpp */,
			);
			path = ArrayOfStruct.cpp;
			sourceTree = "<group>";
		};
/* End PBXGroup section */

/* Begin PBXNativeTarget section */
		1ED5FDD91DDF5AEA0014CBC5 /* ArrayOfStruct.cpp */ = {
			isa = PBXNativeTarget;
			buildConfigurationList = 1ED5FDE11DDF5AEA0014CBC5 /* Build configuration list for PBXNativeTarget "ArrayOfStruct.cpp" */;
			buildPhases = (
				1ED5FDD61DDF5AEA0014CBC5 /* Sources */,
				1ED5FDD71DDF5AEA0014CBC5 /* Frameworks */,
				1ED5FDD81DDF5AEA0014CBC5 /* CopyFiles */,
			);
			buildRules = (
			);
			dependencies = (
			);
			name = ArrayOfStruct.cpp;
			productName = ArrayOfStruct.cpp;
			productReference = 1ED5FDDA1DDF5AEA0014CBC5 /* ArrayOfStruct.cpp */;
			productType = "com.apple.product-type.tool";
		};
/* End PBXNativeTarget section */

/* Begin PBXProject section */
		1ED5FDD21DDF5AEA0014CBC5 /* Project object */ = {
			isa = PBXProject;
			attributes = {
				LastUpgradeCheck = 0810;
				ORGANIZATIONNAME = Zman;
				TargetAttributes = {
					1ED5FDD91DDF5AEA0014CBC5 = {
						CreatedOnToolsVersion = 8.1;
						ProvisioningStyle = Automatic;
					};
				};
			};
			buildConfigurationList = 1ED5FDD51DDF5AEA0014CBC5 /* Build configuration list for PBXProject "ArrayOfStruct.cpp" */;
			compatibilityVersion = "Xcode 3.2";
			developmentRegion = English;
			hasScannedForEncodings = 0;
			knownRegions = (
				en,
			);
			mainGroup = 1ED5FDD11DDF5AEA0014CBC5;
			productRefGroup = 1ED5FDDB1DDF5AEA0014CBC5 /* Products */;
			projectDirPath = "";
			projectRoot = "";
			targets = (
				1ED5FDD91DDF5AEA0014CBC5 /* ArrayOfStruct.cpp */,
			);
		};
/* End PBXProject section */

/* Begin PBXSourcesBuildPhase section */
		1ED5FDD61DDF5AEA0014CBC5 /* Sources */ = {
			isa = PBXSourcesBuildPhase;
			buildActionMask = 2147483647;
			files = (
				1ED5FDDE1DDF5AEA0014CBC5 /* ArrayOfStruct.cpp in Sources */,
			);
			runOnlyForDeploymentPostprocessing = 0;
		};
/* End PBXSourcesBuildPhase section */

/* Begin XCBuildConfiguration section */
		1ED5FDDF1DDF5AEA0014CBC5 /* Debug */ = {
			isa = XCBuildConfiguration;
			buildSettings = {
				ALWAYS_SEARCH_USER_PATHS = NO;
				CLANG_ANALYZER_NONNULL = YES;
				CLANG_CXX_LANGUAGE_STANDARD = "gnu++0x";
				CLANG_CXX_LIBRARY = "libc++";
				CLANG_ENABLE_MODULES = YES;
				CLANG_ENABLE_OBJC_ARC = YES;
				CLANG_WARN_BOOL_CONVERSION = YES;
				CLANG_WARN_CONSTANT_CONVERSION = YES;
				CLANG_WARN_DIRECT_OBJC_ISA_USAGE = YES_ERROR;
				CLANG_WARN_DOCUMENTATION_COMMENTS = YES;
				CLANG_WARN_EMPTY_BODY = YES;
				CLANG_WARN_ENUM_CONVERSION = YES;
				CLANG_WARN_INFINITE_RECURSION = YES;
				CLANG_WARN_INT_CONVERSION = YES;
				CLANG_WARN_OBJC_ROOT_CLASS = YES_ERROR;
				CLANG_WARN_SUSPICIOUS_MOVES = YES;
				CLANG_WARN_UNREACHABLE_CODE = YES;
				CLANG_WARN__DUPLICATE_METHOD_MATCH = YES;
				CODE_SIGN_IDENTITY = "-";
				COPY_PHASE_STRIP = NO;
				DEBUG_INFORMATION_FORMAT = dwarf;
				ENABLE_STRICT_OBJC_MSGSEND = YES;
				ENABLE_TESTABILITY = YES;
				GCC_C_LANGUAGE_STANDARD = gnu99;
				GCC_DYNAMIC_NO_PIC = NO;
				GCC_NO_COMMON_BLOCKS = YES;
				GCC_OPTIMIZATION_LEVEL = 0;
				GCC_PREPROCESSOR_DEFINITIONS = (
					"DEBUG=1",
					"$(inherited)",
				);
				GCC_WARN_64_TO_32_BIT_CONVERSION = YES;
				GCC_WARN_ABOUT_RETURN_TYPE = YES_ERROR;
				GCC_WARN_UNDECLARED_SELECTOR = YES;
				GCC_WARN_UNINITIALIZED_AUTOS = YES_AGGRESSIVE;
				GCC_WARN_UNUSED_FUNCTION = YES;
				GCC_WARN_UNUSED_VARIABLE = YES;
				MACOSX_DEPLOYMENT_TARGET = 10.12;
				MTL_ENABLE_DEBUG_INFO = YES;
				ONLY_ACTIVE_ARCH = YES;
				SDKROOT = macosx;
			};
			name = Debug;
		};
		1ED5FDE01DDF5AEA0014CBC5 /* Release */ = {
			isa = XCBuildConfiguration;
			buildSettings = {
				ALWAYS_SEARCH_USER_PATHS = NO;
				CLANG_ANALYZER_NONNULL = YES;
				CLANG_CXX_LANGUAGE_STANDARD = "gnu++0x";
				CLANG_CXX_LIBRARY = "libc++";
				CLANG_ENABLE_MODULES = YES;
				CLANG_ENABLE_OBJC_ARC = YES;
				CLANG_WARN_BOOL_CONVERSION = YES;
				CLANG_WARN_CONSTANT_CONVERSION = YES;
				CLANG_WARN_DIRECT_OBJC_ISA_USAGE = YES_ERROR;
				CLANG_WARN_DOCUMENTATION_COMMENTS = YES;
				CLANG_WARN_EMPTY_BODY = YES;
				CLANG_WARN_ENUM_CONVERSION = YES;
				CLANG_WARN_INFINITE_RECURSION = YES;
				CLANG_WARN_INT_CONVERSION = YES;
				CLANG_WARN_OBJC_ROOT_CLASS = YES_ERROR;
				CLANG_WARN_SUSPICIOUS_MOVES = YES;
				CLANG_WARN_UNREACHABLE_CODE = YES;
				CLANG_WARN__DUPLICATE_METHOD_MATCH = YES;
				CODE_SIGN_IDENTITY = "-";
				COPY_PHASE_STRIP = NO;
				DEBUG_INFORMATION_FORMAT = "dwarf-with-dsym";
				ENABLE_NS_ASSERTIONS = NO;
				ENABLE_STRICT_OBJC_MSGSEND = YES;
				GCC_C_LANGUAGE_STANDARD = gnu99;
				GCC_NO_COMMON_BLOCKS = YES;
				GCC_WARN_64_TO_32_BIT_CONVERSION = YES;
				GCC_WARN_ABOUT_RETURN_TYPE = YES_ERROR;
				GCC_WARN_UNDECLARED_SELECTOR = YES;
				GCC_WARN_UNINITIALIZED_AUTOS = YES_AGGRESSIVE;
				GCC_WARN_UNUSED_FUNCTION = YES;
				GCC_WARN_UNUSED_VARIABLE = YES;
				MACOSX_DEPLOYMENT_TARGET = 10.12;
				MTL_ENABLE_DEBUG_INFO = NO;
				SDKROOT = macosx;
			};
			name = Release;
		};
		1ED5FDE21DDF5AEA0014CBC5 /* Debug */ = {
			isa = XCBuildConfiguration;
			buildSettings = {
				PRODUCT_NAME = "$(TARGET_NAME)";
			};
			name = Debug;
		};
		1ED5FDE31DDF5AEA0014CBC5 /* Release */ = {
			isa = XCBuildConfiguration;
			buildSettings = {
				PRODUCT_NAME = "$(TARGET_NAME)";
			};
			name = Release;
		};
/* End XCBuildConfiguration section */

/* Begin XCConfigurationList section */
		1ED5FDD51DDF5AEA0014CBC5 /* Build configuration list for PBXProject "ArrayOfStruct.cpp" */ = {
			isa = XCConfigurationList;
			buildConfigurations = (
				1ED5FDDF1DDF5AEA0014CBC5 /* Debug */,
				1ED5FDE01DDF5AEA0014CBC5 /* Release */,
			);
			defaultConfigurationIsVisible = 0;
			defaultConfigurationName = Release;
		};
		1ED5FDE11DDF5AEA0014CBC5 /* Build configuration list for PBXNativeTarget "ArrayOfStruct.cpp" */ = {
			isa = XCConfigurationList;
			buildConfigurations = (
				1ED5FDE21DDF5AEA0014CBC5 /* Debug */,
				1ED5FDE31DDF5AEA0014CBC5 /* Release */,
			);
			defaultConfigurationIsVisible = 0;
		};
/* End XCConfigurationList section */
	};
	rootObject = 1ED5FDD21DDF5AEA0014CBC5 /* Project object */;
}
